
Microsoft Visual Studio Solution File, Format Version 12.00
# Visual Studio Version 16
VisualStudioVersion = 25.0.1700.0
MinimumVisualStudioVersion = 10.0.40219.1
Project("{FAE04EC0-301F-11D3-BF4B-00C04F79EFBC}") = "eCommerce.CustomerSite", "eCommerce.CustomerSite\eCommerce.CustomerSite.csproj", "{A3973A26-0E99-4040-BB2C-2E981F98F1D7}"
EndProject
Project("{FAE04EC0-301F-11D3-BF4B-00C04F79EFBC}") = "eCommerce.BackendApi", "eCommerce.BackendApi\eCommerce.BackendApi.csproj", "{3D7027B1-7667-44C1-9E98-CB4A3655876A}"
EndProject
Project("{FAE04EC0-301F-11D3-BF4B-00C04F79EFBC}") = "eCommerce.Shared", "eCommerce.Shared\eCommerce.Shared.csproj", "{94A09D3C-2E46-4318-AECC-7AC6138E7EF1}"
EndProject
Project("{FAE04EC0-301F-11D3-BF4B-00C04F79EFBC}") = "eCommerce.UnitTest", "eCommerce.UnitTest\eCommerce.UnitTest.csproj", "{C202E1B6-F5ED-4865-8284-EEE79BB40F43}"
EndProject
Global
	GlobalSection(SolutionConfigurationPlatforms) = preSolution
		Debug|Any CPU = Debug|Any CPU
		Release|Any CPU = Release|Any CPU
	EndGlobalSection
	GlobalSection(ProjectConfigurationPlatforms) = postSolution
		{A3973A26-0E99-4040-BB2C-2E981F98F1D7}.Debug|Any CPU.ActiveCfg = Debug|Any CPU
		{A3973A26-0E99-4040-BB2C-2E981F98F1D7}.Debug|Any CPU.Build.0 = Debug|Any CPU
		{A3973A26-0E99-4040-BB2C-2E981F98F1D7}.Release|Any CPU.ActiveCfg = Release|Any CPU
		{A3973A26-0E99-4040-BB2C-2E981F98F1D7}.Release|Any CPU.Build.0 = Release|Any CPU
		{3D7027B1-7667-44C1-9E98-CB4A3655876A}.Debug|Any CPU.ActiveCfg = Debug|Any CPU
		{3D7027B1-7667-44C1-9E98-CB4A3655876A}.Debug|Any CPU.Build.0 = Debug|Any CPU
		{3D7027B1-7667-44C1-9E98-CB4A3655876A}.Release|Any CPU.ActiveCfg = Release|Any CPU
		{3D7027B1-7667-44C1-9E98-CB4A3655876A}.Release|Any CPU.Build.0 = Release|Any CPU
		{94A09D3C-2E46-4318-AECC-7AC6138E7EF1}.Debug|Any CPU.ActiveCfg = Debug|Any CPU
		{94A09D3C-2E46-4318-AECC-7AC6138E7EF1}.Debug|Any CPU.Build.0 = Debug|Any CPU
		{94A09D3C-2E46-4318-AECC-7AC6138E7EF1}.Release|Any CPU.ActiveCfg = Release|Any CPU
		{94A09D3C-2E46-4318-AECC-7AC6138E7EF1}.Release|Any CPU.Build.0 = Release|Any CPU
		{C202E1B6-F5ED-4865-8284-EEE79BB40F43}.Debug|Any CPU.ActiveCfg = Debug|Any CPU
		{C202E1B6-F5ED-4865-8284-EEE79BB40F43}.Debug|Any CPU.Build.0 = Debug|Any CPU
		{C202E1B6-F5ED-4865-8284-EEE79BB40F43}.Release|Any CPU.ActiveCfg = Release|Any CPU
		{C202E1B6-F5ED-4865-8284-EEE79BB40F43}.Release|Any CPU.Build.0 = Release|Any CPU
	EndGlobalSection
	GlobalSection(SolutionProperties) = preSolution
		HideSolutionNode = FALSE
	EndGlobalSection
	GlobalSection(ExtensibilityGlobals) = postSolution
		SolutionGuid = {3470EB0F-61A9-4CBD-AB85-471A571F28E1}
	EndGlobalSection
EndGlobal
